
Microsoft Visual Studio Solution File, Format Version 12.00
# Visual Studio Version 17
VisualStudioVersion = 17.13.35931.197
MinimumVisualStudioVersion = 10.0.40219.1
Project("{FAE04EC0-301F-11D3-BF4B-00C04F79EFBC}") = "Simple Calculator", "Simple Calculator\Simple Calculator.csproj", "{7C0235AA-2090-4B26-81C2-B6449931ED99}"
EndProject
Project("{FAE04EC0-301F-11D3-BF4B-00C04F79EFBC}") = "SupportClasses", "SupportClasses\SupportClasses.csproj", "{8F637B51-08BF-4A80-9FEB-31E8B33858DE}"
EndProject
Project("{2150E333-8FDC-42A3-9474-1A3956D46DE8}") = "01 Simple Calculator Project", "01 Simple Calculator Project", "{02EA681E-C7D8-13C7-8484-4AC65E1B71E8}"
EndProject
Project("{2150E333-8FDC-42A3-9474-1A3956D46DE8}") = "02 Contact App Project", "02 Contact App Project", "{162214C4-3138-4ED5-9789-689F38477502}"
EndProject
Project("{FAE04EC0-301F-11D3-BF4B-00C04F79EFBC}") = "Desktop Contacts App", "Desktop Contacts App\Desktop Contacts App.csproj", "{7A71383C-DDC0-42B0-A6F3-AF97B6F0EE4E}"
EndProject
Project("{2150E333-8FDC-42A3-9474-1A3956D46DE8}") = "03 CustomVision (REST and AI)", "03 CustomVision (REST and AI)", "{AA8CD225-3CA5-4097-8D3E-FD426CB186F7}"
EndProject
Project("{2150E333-8FDC-42A3-9474-1A3956D46DE8}") = "04 MVVM - WeatherAcu app", "04 MVVM - WeatherAcu app", "{A9902F43-672F-4C05-8168-39B25B772F5F}"
EndProject
Project("{FAE04EC0-301F-11D3-BF4B-00C04F79EFBC}") = "WeatherApp", "WeatherApp\WeatherApp.csproj", "{EAEB512E-D4A4-4990-B442-6A8E82536A3A}"
EndProject
Project("{2150E333-8FDC-42A3-9474-1A3956D46DE8}") = "05 EverNoteClone", "05 EverNoteClone", "{4E130401-E0A1-4307-A040-C4E88A4C6825}"
EndProject
Project("{FAE04EC0-301F-11D3-BF4B-00C04F79EFBC}") = "EvernoteClone", "EvernoteClone\EvernoteClone.csproj", "{35854EDA-75EA-4783-BCAE-3CCFDB30B34D}"
EndProject
Project("{FAE04EC0-301F-11D3-BF4B-00C04F79EFBC}") = "06 CommunityToolkit_example", "06 CommunityToolkit_example\06 CommunityToolkit_example.csproj", "{4238857F-D1CB-4884-B53D-ED5A86DC351C}"
EndProject
Project("{2150E333-8FDC-42A3-9474-1A3956D46DE8}") = "06 CommunityToolkit (example)", "06 CommunityToolkit (example)", "{2D8304BD-DB8B-439D-B6ED-85D0BE8375FE}"
EndProject
Project("{2150E333-8FDC-42A3-9474-1A3956D46DE8}") = "07 Interactions - Components", "07 Interactions - Components", "{4E7EE50D-1100-453D-B5F1-B880AA3BFCC4}"
EndProject
Project("{FAE04EC0-301F-11D3-BF4B-00C04F79EFBC}") = "Components", "Components\Components.csproj", "{3782359C-50FF-456E-B91E-A732A1A6C5FA}"
EndProject
Project("{2150E333-8FDC-42A3-9474-1A3956D46DE8}") = "08 Mvvm-Switching Views", "08 Mvvm-Switching Views", "{DE6C26EA-2519-4B4F-8F72-87B0AA081540}"
EndProject
Project("{FAE04EC0-301F-11D3-BF4B-00C04F79EFBC}") = "SwitchingViews", "SwitchingViews\SwitchingViews.csproj", "{0253A972-E265-4100-81A5-399BDE7542B7}"
EndProject
Global
	GlobalSection(SolutionConfigurationPlatforms) = preSolution
		Debug|Any CPU = Debug|Any CPU
		Release|Any CPU = Release|Any CPU
	EndGlobalSection
	GlobalSection(ProjectConfigurationPlatforms) = postSolution
		{7C0235AA-2090-4B26-81C2-B6449931ED99}.Debug|Any CPU.ActiveCfg = Debug|Any CPU
		{7C0235AA-2090-4B26-81C2-B6449931ED99}.Debug|Any CPU.Build.0 = Debug|Any CPU
		{7C0235AA-2090-4B26-81C2-B6449931ED99}.Release|Any CPU.ActiveCfg = Release|Any CPU
		{7C0235AA-2090-4B26-81C2-B6449931ED99}.Release|Any CPU.Build.0 = Release|Any CPU
		{8F637B51-08BF-4A80-9FEB-31E8B33858DE}.Debug|Any CPU.ActiveCfg = Debug|Any CPU
		{8F637B51-08BF-4A80-9FEB-31E8B33858DE}.Debug|Any CPU.Build.0 = Debug|Any CPU
		{8F637B51-08BF-4A80-9FEB-31E8B33858DE}.Release|Any CPU.ActiveCfg = Release|Any CPU
		{8F637B51-08BF-4A80-9FEB-31E8B33858DE}.Release|Any CPU.Build.0 = Release|Any CPU
		{7A71383C-DDC0-42B0-A6F3-AF97B6F0EE4E}.Debug|Any CPU.ActiveCfg = Debug|Any CPU
		{7A71383C-DDC0-42B0-A6F3-AF97B6F0EE4E}.Debug|Any CPU.Build.0 = Debug|Any CPU
		{7A71383C-DDC0-42B0-A6F3-AF97B6F0EE4E}.Release|Any CPU.ActiveCfg = Release|Any CPU
		{7A71383C-DDC0-42B0-A6F3-AF97B6F0EE4E}.Release|Any CPU.Build.0 = Release|Any CPU
		{EAEB512E-D4A4-4990-B442-6A8E82536A3A}.Debug|Any CPU.ActiveCfg = Debug|Any CPU
		{EAEB512E-D4A4-4990-B442-6A8E82536A3A}.Debug|Any CPU.Build.0 = Debug|Any CPU
		{EAEB512E-D4A4-4990-B442-6A8E82536A3A}.Release|Any CPU.ActiveCfg = Release|Any CPU
		{EAEB512E-D4A4-4990-B442-6A8E82536A3A}.Release|Any CPU.Build.0 = Release|Any CPU
		{35854EDA-75EA-4783-BCAE-3CCFDB30B34D}.Debug|Any CPU.ActiveCfg = Debug|Any CPU
		{35854EDA-75EA-4783-BCAE-3CCFDB30B34D}.Debug|Any CPU.Build.0 = Debug|Any CPU
		{35854EDA-75EA-4783-BCAE-3CCFDB30B34D}.Release|Any CPU.ActiveCfg = Release|Any CPU
		{35854EDA-75EA-4783-BCAE-3CCFDB30B34D}.Release|Any CPU.Build.0 = Release|Any CPU
		{4238857F-D1CB-4884-B53D-ED5A86DC351C}.Debug|Any CPU.ActiveCfg = Debug|Any CPU
		{4238857F-D1CB-4884-B53D-ED5A86DC351C}.Debug|Any CPU.Build.0 = Debug|Any CPU
		{4238857F-D1CB-4884-B53D-ED5A86DC351C}.Release|Any CPU.ActiveCfg = Release|Any CPU
		{4238857F-D1CB-4884-B53D-ED5A86DC351C}.Release|Any CPU.Build.0 = Release|Any CPU
		{3782359C-50FF-456E-B91E-A732A1A6C5FA}.Debug|Any CPU.ActiveCfg = Debug|Any CPU
		{3782359C-50FF-456E-B91E-A732A1A6C5FA}.Debug|Any CPU.Build.0 = Debug|Any CPU
		{3782359C-50FF-456E-B91E-A732A1A6C5FA}.Release|Any CPU.ActiveCfg = Release|Any CPU
		{3782359C-50FF-456E-B91E-A732A1A6C5FA}.Release|Any CPU.Build.0 = Release|Any CPU
		{0253A972-E265-4100-81A5-399BDE7542B7}.Debug|Any CPU.ActiveCfg = Debug|Any CPU
		{0253A972-E265-4100-81A5-399BDE7542B7}.Debug|Any CPU.Build.0 = Debug|Any CPU
		{0253A972-E265-4100-81A5-399BDE7542B7}.Release|Any CPU.ActiveCfg = Release|Any CPU
		{0253A972-E265-4100-81A5-399BDE7542B7}.Release|Any CPU.Build.0 = Release|Any CPU
	EndGlobalSection
	GlobalSection(SolutionProperties) = preSolution
		HideSolutionNode = FALSE
	EndGlobalSection
	GlobalSection(NestedProjects) = preSolution
		{7C0235AA-2090-4B26-81C2-B6449931ED99} = {02EA681E-C7D8-13C7-8484-4AC65E1B71E8}
		{8F637B51-08BF-4A80-9FEB-31E8B33858DE} = {02EA681E-C7D8-13C7-8484-4AC65E1B71E8}
		{7A71383C-DDC0-42B0-A6F3-AF97B6F0EE4E} = {162214C4-3138-4ED5-9789-689F38477502}
		{EAEB512E-D4A4-4990-B442-6A8E82536A3A} = {A9902F43-672F-4C05-8168-39B25B772F5F}
		{35854EDA-75EA-4783-BCAE-3CCFDB30B34D} = {4E130401-E0A1-4307-A040-C4E88A4C6825}
		{4238857F-D1CB-4884-B53D-ED5A86DC351C} = {2D8304BD-DB8B-439D-B6ED-85D0BE8375FE}
		{3782359C-50FF-456E-B91E-A732A1A6C5FA} = {4E7EE50D-1100-453D-B5F1-B880AA3BFCC4}
		{0253A972-E265-4100-81A5-399BDE7542B7} = {DE6C26EA-2519-4B4F-8F72-87B0AA081540}
	EndGlobalSection
	GlobalSection(ExtensibilityGlobals) = postSolution
		SolutionGuid = {33D4BF06-CACB-4AE5-85ED-A529B2EB7862}
	EndGlobalSection
EndGlobal
